// !$*UTF8*$!
{
	archiveVersion = 1;
	classes = {
	};
	objectVersion = 55;
	objects = {

/* Begin PBXBuildFile section */
		0FB77BD76870C007824BA36C /* Pods_SensorLogs.framework in Frameworks */ = {isa = PBXBuildFile; fileRef = 586E0F3B8A6B7BD80C9CB10B /* Pods_SensorLogs.framework */; };
		3C1C050127AEB69000626070 /* Barometer.swift in Sources */ = {isa = PBXBuildFile; fileRef = 3C1C050027AEB69000626070 /* Barometer.swift */; };
		3C1C050327AF3CF400626070 /* LogsView.swift in Sources */ = {isa = PBXBuildFile; fileRef = 3C1C050227AF3CF400626070 /* LogsView.swift */; };
		3C1C050627AF448300626070 /* DataView.swift in Sources */ = {isa = PBXBuildFile; fileRef = 3C1C050527AF448300626070 /* DataView.swift */; };
		3C1C050827B08DAE00626070 /* ScreenBrightness.swift in Sources */ = {isa = PBXBuildFile; fileRef = 3C1C050727B08DAE00626070 /* ScreenBrightness.swift */; };
		3C235C6827868CAE004D4F87 /* SensorLogsApp.swift in Sources */ = {isa = PBXBuildFile; fileRef = 3C235C6727868CAE004D4F87 /* SensorLogsApp.swift */; };
		3C235C6A27868CAE004D4F87 /* ContentView.swift in Sources */ = {isa = PBXBuildFile; fileRef = 3C235C6927868CAE004D4F87 /* ContentView.swift */; };
		3C235C6C27868CB0004D4F87 /* Assets.xcassets in Resources */ = {isa = PBXBuildFile; fileRef = 3C235C6B27868CB0004D4F87 /* Assets.xcassets */; };
		3C235C6F27868CB0004D4F87 /* Preview Assets.xcassets in Resources */ = {isa = PBXBuildFile; fileRef = 3C235C6E27868CB0004D4F87 /* Preview Assets.xcassets */; };
		3C235C7127868CB0004D4F87 /* Persistence.swift in Sources */ = {isa = PBXBuildFile; fileRef = 3C235C7027868CB0004D4F87 /* Persistence.swift */; };
		3C235C7427868CB0004D4F87 /* SensorLogs.xcdatamodeld in Sources */ = {isa = PBXBuildFile; fileRef = 3C235C7227868CB0004D4F87 /* SensorLogs.xcdatamodeld */; };
		3C235C7E27868CB0004D4F87 /* SensorLogsTests.swift in Sources */ = {isa = PBXBuildFile; fileRef = 3C235C7D27868CB0004D4F87 /* SensorLogsTests.swift */; };
		3C235C8827868CB0004D4F87 /* SensorLogsUITests.swift in Sources */ = {isa = PBXBuildFile; fileRef = 3C235C8727868CB0004D4F87 /* SensorLogsUITests.swift */; };
		3C235C8A27868CB0004D4F87 /* SensorLogsUITestsLaunchTests.swift in Sources */ = {isa = PBXBuildFile; fileRef = 3C235C8927868CB0004D4F87 /* SensorLogsUITestsLaunchTests.swift */; };
		3C27E30F27B118FD00609FC7 /* UIActivityView.swift in Sources */ = {isa = PBXBuildFile; fileRef = 3C27E30E27B118FD00609FC7 /* UIActivityView.swift */; };
		3C34C10127B72ECB00B99017 /* FileManager.swift in Sources */ = {isa = PBXBuildFile; fileRef = 3C34C10027B72ECB00B99017 /* FileManager.swift */; };
		3C4A190A27B1055D007A4A37 /* DataMining.swift in Sources */ = {isa = PBXBuildFile; fileRef = 3C4A190927B1055D007A4A37 /* DataMining.swift */; };
		3C96D5AD283671D8005168D6 /* ToggleView.swift in Sources */ = {isa = PBXBuildFile; fileRef = 3C96D5AC283671D8005168D6 /* ToggleView.swift */; };
		3C96D5B028367429005168D6 /* SensorRowView.swift in Sources */ = {isa = PBXBuildFile; fileRef = 3C96D5AF28367429005168D6 /* SensorRowView.swift */; };
		3C96D5B328367E25005168D6 /* SensorListView.swift in Sources */ = {isa = PBXBuildFile; fileRef = 3C96D5B228367E25005168D6 /* SensorListView.swift */; };
		3C96D5B72836809A005168D6 /* SensorSettingModel.swift in Sources */ = {isa = PBXBuildFile; fileRef = 3C96D5B62836809A005168D6 /* SensorSettingModel.swift */; };
		3C96D5BA2836B858005168D6 /* BackgroundView.swift in Sources */ = {isa = PBXBuildFile; fileRef = 3C96D5B92836B858005168D6 /* BackgroundView.swift */; };
		3C96D5BC2836B9C6005168D6 /* TitleView.swift in Sources */ = {isa = PBXBuildFile; fileRef = 3C96D5BB2836B9C6005168D6 /* TitleView.swift */; };
		3C96D5BF2836BFCF005168D6 /* SensorItemView.swift in Sources */ = {isa = PBXBuildFile; fileRef = 3C96D5BE2836BFCF005168D6 /* SensorItemView.swift */; };
		3C96D5C128375569005168D6 /* RecordView.swift in Sources */ = {isa = PBXBuildFile; fileRef = 3C96D5C028375569005168D6 /* RecordView.swift */; };
		3C96D5C32837792A005168D6 /* SensorLogsView.swift in Sources */ = {isa = PBXBuildFile; fileRef = 3C96D5C22837792A005168D6 /* SensorLogsView.swift */; };
		3CB2E1AD27B1FF9600FCA0F9 /* GetDateTime.swift in Sources */ = {isa = PBXBuildFile; fileRef = 3CB2E1AC27B1FF9600FCA0F9 /* GetDateTime.swift */; };
		3CB2E1B127B203AC00FCA0F9 /* NotesView.swift in Sources */ = {isa = PBXBuildFile; fileRef = 3CB2E1B027B203AC00FCA0F9 /* NotesView.swift */; };
		3CDB590627B383950047E930 /* HealthKit.framework in Frameworks */ = {isa = PBXBuildFile; fileRef = 3CDB590527B383950047E930 /* HealthKit.framework */; };
		3CDB590827B384660047E930 /* Google.swift in Sources */ = {isa = PBXBuildFile; fileRef = 3CDB590727B384660047E930 /* Google.swift */; };
		54A85E0FDC5F52A4B66A6439 /* Pods_SensorLogs_SensorLogsUITests.framework in Frameworks */ = {isa = PBXBuildFile; fileRef = 8FC27D3A6DB07C1AFE3B7368 /* Pods_SensorLogs_SensorLogsUITests.framework */; };
		E4E00DB83AF6EEEDEB769808 /* Pods_SensorLogsTests.framework in Frameworks */ = {isa = PBXBuildFile; fileRef = 8B3CF15D1EBDFED0E5F49113 /* Pods_SensorLogsTests.framework */; };
/* End PBXBuildFile section */

/* Begin PBXContainerItemProxy section */
		3C235C7A27868CB0004D4F87 /* PBXContainerItemProxy */ = {
			isa = PBXContainerItemProxy;
			containerPortal = 3C235C5C27868CAE004D4F87 /* Project object */;
			proxyType = 1;
			remoteGlobalIDString = 3C235C6327868CAE004D4F87;
			remoteInfo = SensorLogs;
		};
		3C235C8427868CB0004D4F87 /* PBXContainerItemProxy */ = {
			isa = PBXContainerItemProxy;
			containerPortal = 3C235C5C27868CAE004D4F87 /* Project object */;
			proxyType = 1;
			remoteGlobalIDString = 3C235C6327868CAE004D4F87;
			remoteInfo = SensorLogs;
		};
/* End PBXContainerItemProxy section */

/* Begin PBXFileReference section */
		180F7EF2C8D5F68EAAFABD76 /* Pods-SensorLogs.debug.xcconfig */ = {isa = PBXFileReference; includeInIndex = 1; lastKnownFileType = text.xcconfig; name = "Pods-SensorLogs.debug.xcconfig"; path = "Target Support Files/Pods-SensorLogs/Pods-SensorLogs.debug.xcconfig"; sourceTree = "<group>"; };
		308428BF1A10D39C83D587D3 /* Pods-SensorLogsTests.release.xcconfig */ = {isa = PBXFileReference; includeInIndex = 1; lastKnownFileType = text.xcconfig; name = "Pods-SensorLogsTests.release.xcconfig"; path = "Target Support Files/Pods-SensorLogsTests/Pods-SensorLogsTests.release.xcconfig"; sourceTree = "<group>"; };
		3C1C050027AEB69000626070 /* Barometer.swift */ = {isa = PBXFileReference; lastKnownFileType = sourcecode.swift; path = Barometer.swift; sourceTree = "<group>"; };
		3C1C050227AF3CF400626070 /* LogsView.swift */ = {isa = PBXFileReference; lastKnownFileType = sourcecode.swift; path = LogsView.swift; sourceTree = "<group>"; };
		3C1C050527AF448300626070 /* DataView.swift */ = {isa = PBXFileReference; lastKnownFileType = sourcecode.swift; path = DataView.swift; sourceTree = "<group>"; };
		3C1C050727B08DAE00626070 /* ScreenBrightness.swift */ = {isa = PBXFileReference; lastKnownFileType = sourcecode.swift; path = ScreenBrightness.swift; sourceTree = "<group>"; };
		3C235C6427868CAE004D4F87 /* SensorLogs.app */ = {isa = PBXFileReference; explicitFileType = wrapper.application; includeInIndex = 0; path = SensorLogs.app; sourceTree = BUILT_PRODUCTS_DIR; };
		3C235C6727868CAE004D4F87 /* SensorLogsApp.swift */ = {isa = PBXFileReference; lastKnownFileType = sourcecode.swift; path = SensorLogsApp.swift; sourceTree = "<group>"; };
		3C235C6927868CAE004D4F87 /* ContentView.swift */ = {isa = PBXFileReference; lastKnownFileType = sourcecode.swift; path = ContentView.swift; sourceTree = "<group>"; };
		3C235C6B27868CB0004D4F87 /* Assets.xcassets */ = {isa = PBXFileReference; lastKnownFileType = folder.assetcatalog; path = Assets.xcassets; sourceTree = "<group>"; };
		3C235C6E27868CB0004D4F87 /* Preview Assets.xcassets */ = {isa = PBXFileReference; lastKnownFileType = folder.assetcatalog; path = "Preview Assets.xcassets"; sourceTree = "<group>"; };
		3C235C7027868CB0004D4F87 /* Persistence.swift */ = {isa = PBXFileReference; lastKnownFileType = sourcecode.swift; path = Persistence.swift; sourceTree = "<group>"; };
		3C235C7327868CB0004D4F87 /* SensorLogs.xcdatamodel */ = {isa = PBXFileReference; lastKnownFileType = wrapper.xcdatamodel; path = SensorLogs.xcdatamodel; sourceTree = "<group>"; };
		3C235C7927868CB0004D4F87 /* SensorLogsTests.xctest */ = {isa = PBXFileReference; explicitFileType = wrapper.cfbundle; includeInIndex = 0; path = SensorLogsTests.xctest; sourceTree = BUILT_PRODUCTS_DIR; };
		3C235C7D27868CB0004D4F87 /* SensorLogsTests.swift */ = {isa = PBXFileReference; lastKnownFileType = sourcecode.swift; path = SensorLogsTests.swift; sourceTree = "<group>"; };
		3C235C8327868CB0004D4F87 /* SensorLogsUITests.xctest */ = {isa = PBXFileReference; explicitFileType = wrapper.cfbundle; includeInIndex = 0; path = SensorLogsUITests.xctest; sourceTree = BUILT_PRODUCTS_DIR; };
		3C235C8727868CB0004D4F87 /* SensorLogsUITests.swift */ = {isa = PBXFileReference; lastKnownFileType = sourcecode.swift; path = SensorLogsUITests.swift; sourceTree = "<group>"; };
		3C235C8927868CB0004D4F87 /* SensorLogsUITestsLaunchTests.swift */ = {isa = PBXFileReference; lastKnownFileType = sourcecode.swift; path = SensorLogsUITestsLaunchTests.swift; sourceTree = "<group>"; };
		3C27E30E27B118FD00609FC7 /* UIActivityView.swift */ = {isa = PBXFileReference; lastKnownFileType = sourcecode.swift; path = UIActivityView.swift; sourceTree = "<group>"; };
		3C34C10027B72ECB00B99017 /* FileManager.swift */ = {isa = PBXFileReference; lastKnownFileType = sourcecode.swift; path = FileManager.swift; sourceTree = "<group>"; };
		3C4A190827B0DD15007A4A37 /* Info.plist */ = {isa = PBXFileReference; lastKnownFileType = text.plist; path = Info.plist; sourceTree = "<group>"; };
		3C4A190927B1055D007A4A37 /* DataMining.swift */ = {isa = PBXFileReference; lastKnownFileType = sourcecode.swift; path = DataMining.swift; sourceTree = "<group>"; };
		3C96D5AC283671D8005168D6 /* ToggleView.swift */ = {isa = PBXFileReference; lastKnownFileType = sourcecode.swift; path = ToggleView.swift; sourceTree = "<group>"; };
		3C96D5AF28367429005168D6 /* SensorRowView.swift */ = {isa = PBXFileReference; lastKnownFileType = sourcecode.swift; path = SensorRowView.swift; sourceTree = "<group>"; };
		3C96D5B228367E25005168D6 /* SensorListView.swift */ = {isa = PBXFileReference; lastKnownFileType = sourcecode.swift; path = SensorListView.swift; sourceTree = "<group>"; };
		3C96D5B62836809A005168D6 /* SensorSettingModel.swift */ = {isa = PBXFileReference; lastKnownFileType = sourcecode.swift; path = SensorSettingModel.swift; sourceTree = "<group>"; };
		3C96D5B92836B858005168D6 /* BackgroundView.swift */ = {isa = PBXFileReference; lastKnownFileType = sourcecode.swift; path = BackgroundView.swift; sourceTree = "<group>"; };
		3C96D5BB2836B9C6005168D6 /* TitleView.swift */ = {isa = PBXFileReference; lastKnownFileType = sourcecode.swift; path = TitleView.swift; sourceTree = "<group>"; };
		3C96D5BE2836BFCF005168D6 /* SensorItemView.swift */ = {isa = PBXFileReference; lastKnownFileType = sourcecode.swift; path = SensorItemView.swift; sourceTree = "<group>"; };
		3C96D5C028375569005168D6 /* RecordView.swift */ = {isa = PBXFileReference; lastKnownFileType = sourcecode.swift; path = RecordView.swift; sourceTree = "<group>"; };
		3C96D5C22837792A005168D6 /* SensorLogsView.swift */ = {isa = PBXFileReference; lastKnownFileType = sourcecode.swift; path = SensorLogsView.swift; sourceTree = "<group>"; };
		3CB2E1AC27B1FF9600FCA0F9 /* GetDateTime.swift */ = {isa = PBXFileReference; lastKnownFileType = sourcecode.swift; path = GetDateTime.swift; sourceTree = "<group>"; };
		3CB2E1B027B203AC00FCA0F9 /* NotesView.swift */ = {isa = PBXFileReference; lastKnownFileType = sourcecode.swift; path = NotesView.swift; sourceTree = "<group>"; };
		3CDB590427B383950047E930 /* SensorLogs.entitlements */ = {isa = PBXFileReference; lastKnownFileType = text.plist.entitlements; path = SensorLogs.entitlements; sourceTree = "<group>"; };
		3CDB590527B383950047E930 /* HealthKit.framework */ = {isa = PBXFileReference; lastKnownFileType = wrapper.framework; name = HealthKit.framework; path = System/Library/Frameworks/HealthKit.framework; sourceTree = SDKROOT; };
		3CDB590727B384660047E930 /* Google.swift */ = {isa = PBXFileReference; lastKnownFileType = sourcecode.swift; path = Google.swift; sourceTree = "<group>"; };
		586E0F3B8A6B7BD80C9CB10B /* Pods_SensorLogs.framework */ = {isa = PBXFileReference; explicitFileType = wrapper.framework; includeInIndex = 0; path = Pods_SensorLogs.framework; sourceTree = BUILT_PRODUCTS_DIR; };
		696F943432CC99E7AD74BB32 /* Pods-SensorLogs-SensorLogsUITests.release.xcconfig */ = {isa = PBXFileReference; includeInIndex = 1; lastKnownFileType = text.xcconfig; name = "Pods-SensorLogs-SensorLogsUITests.release.xcconfig"; path = "Target Support Files/Pods-SensorLogs-SensorLogsUITests/Pods-SensorLogs-SensorLogsUITests.release.xcconfig"; sourceTree = "<group>"; };
		7B4D1513277F21AEB68C9081 /* Pods-SensorLogsTests.debug.xcconfig */ = {isa = PBXFileReference; includeInIndex = 1; lastKnownFileType = text.xcconfig; name = "Pods-SensorLogsTests.debug.xcconfig"; path = "Target Support Files/Pods-SensorLogsTests/Pods-SensorLogsTests.debug.xcconfig"; sourceTree = "<group>"; };
		8B3CF15D1EBDFED0E5F49113 /* Pods_SensorLogsTests.framework */ = {isa = PBXFileReference; explicitFileType = wrapper.framework; includeInIndex = 0; path = Pods_SensorLogsTests.framework; sourceTree = BUILT_PRODUCTS_DIR; };
		8FC27D3A6DB07C1AFE3B7368 /* Pods_SensorLogs_SensorLogsUITests.framework */ = {isa = PBXFileReference; explicitFileType = wrapper.framework; includeInIndex = 0; path = Pods_SensorLogs_SensorLogsUITests.framework; sourceTree = BUILT_PRODUCTS_DIR; };
		9ECAC96D3E2BAAC9B60D4AD7 /* Pods-SensorLogs-SensorLogsUITests.debug.xcconfig */ = {isa = PBXFileReference; includeInIndex = 1; lastKnownFileType = text.xcconfig; name = "Pods-SensorLogs-SensorLogsUITests.debug.xcconfig"; path = "Target Support Files/Pods-SensorLogs-SensorLogsUITests/Pods-SensorLogs-SensorLogsUITests.debug.xcconfig"; sourceTree = "<group>"; };
		A1EDB8C1884C49FF727E45E3 /* Pods-SensorLogs.release.xcconfig */ = {isa = PBXFileReference; includeInIndex = 1; lastKnownFileType = text.xcconfig; name = "Pods-SensorLogs.release.xcconfig"; path = "Target Support Files/Pods-SensorLogs/Pods-SensorLogs.release.xcconfig"; sourceTree = "<group>"; };
/* End PBXFileReference section */

/* Begin PBXFrameworksBuildPhase section */
		3C235C6127868CAE004D4F87 /* Frameworks */ = {
			isa = PBXFrameworksBuildPhase;
			buildActionMask = 2147483647;
			files = (
				0FB77BD76870C007824BA36C /* Pods_SensorLogs.framework in Frameworks */,
				3CDB590627B383950047E930 /* HealthKit.framework in Frameworks */,
			);
			runOnlyForDeploymentPostprocessing = 0;
		};
		3C235C7627868CB0004D4F87 /* Frameworks */ = {
			isa = PBXFrameworksBuildPhase;
			buildActionMask = 2147483647;
			files = (
				E4E00DB83AF6EEEDEB769808 /* Pods_SensorLogsTests.framework in Frameworks */,
			);
			runOnlyForDeploymentPostprocessing = 0;
		};
		3C235C8027868CB0004D4F87 /* Frameworks */ = {
			isa = PBXFrameworksBuildPhase;
			buildActionMask = 2147483647;
			files = (
				54A85E0FDC5F52A4B66A6439 /* Pods_SensorLogs_SensorLogsUITests.framework in Frameworks */,
			);
			runOnlyForDeploymentPostprocessing = 0;
		};
/* End PBXFrameworksBuildPhase section */

/* Begin PBXGroup section */
		3C1C04FF27AEB65100626070 /* Cores */ = {
			isa = PBXGroup;
			children = (
				3C1C050027AEB69000626070 /* Barometer.swift */,
				3C1C050727B08DAE00626070 /* ScreenBrightness.swift */,
				3C4A190927B1055D007A4A37 /* DataMining.swift */,
			);
			path = Cores;
			sourceTree = "<group>";
		};
		3C1C050427AF444F00626070 /* Data */ = {
			isa = PBXGroup;
			children = (
				3C1C050527AF448300626070 /* DataView.swift */,
			);
			path = Data;
			sourceTree = "<group>";
		};
		3C235C5B27868CAE004D4F87 = {
			isa = PBXGroup;
			children = (
				3C235C6627868CAE004D4F87 /* SensorLogs */,
				3C235C7C27868CB0004D4F87 /* SensorLogsTests */,
				3C235C8627868CB0004D4F87 /* SensorLogsUITests */,
				3C235C6527868CAE004D4F87 /* Products */,
				B73A9D752D76C6B7D668BE2C /* Pods */,
				E66A34B96B4DDDFCEA7B4C38 /* Frameworks */,
			);
			sourceTree = "<group>";
		};
		3C235C6527868CAE004D4F87 /* Products */ = {
			isa = PBXGroup;
			children = (
				3C235C6427868CAE004D4F87 /* SensorLogs.app */,
				3C235C7927868CB0004D4F87 /* SensorLogsTests.xctest */,
				3C235C8327868CB0004D4F87 /* SensorLogsUITests.xctest */,
			);
			name = Products;
			sourceTree = "<group>";
		};
		3C235C6627868CAE004D4F87 /* SensorLogs */ = {
			isa = PBXGroup;
			children = (
				3C235C6727868CAE004D4F87 /* SensorLogsApp.swift */,
				3C1C04FF27AEB65100626070 /* Cores */,
				3CF7564E278ADFFB00982136 /* Views */,
				3CF7564F278AE00400982136 /* Model */,
				3CF75650278AE01C00982136 /* Resources */,
				3C27E30D27B118C400609FC7 /* Utils */,
				3C235C7027868CB0004D4F87 /* Persistence.swift */,
				3C4A190827B0DD15007A4A37 /* Info.plist */,
				3CDB590427B383950047E930 /* SensorLogs.entitlements */,
				3C235C7227868CB0004D4F87 /* SensorLogs.xcdatamodeld */,
				3C235C6D27868CB0004D4F87 /* Preview Content */,
			);
			path = SensorLogs;
			sourceTree = "<group>";
		};
		3C235C6D27868CB0004D4F87 /* Preview Content */ = {
			isa = PBXGroup;
			children = (
				3C235C6E27868CB0004D4F87 /* Preview Assets.xcassets */,
			);
			path = "Preview Content";
			sourceTree = "<group>";
		};
		3C235C7C27868CB0004D4F87 /* SensorLogsTests */ = {
			isa = PBXGroup;
			children = (
				3C235C7D27868CB0004D4F87 /* SensorLogsTests.swift */,
			);
			path = SensorLogsTests;
			sourceTree = "<group>";
		};
		3C235C8627868CB0004D4F87 /* SensorLogsUITests */ = {
			isa = PBXGroup;
			children = (
				3C235C8727868CB0004D4F87 /* SensorLogsUITests.swift */,
				3C235C8927868CB0004D4F87 /* SensorLogsUITestsLaunchTests.swift */,
			);
			path = SensorLogsUITests;
			sourceTree = "<group>";
		};
		3C27E30D27B118C400609FC7 /* Utils */ = {
			isa = PBXGroup;
			children = (
				3C34C10027B72ECB00B99017 /* FileManager.swift */,
				3CB2E1AC27B1FF9600FCA0F9 /* GetDateTime.swift */,
				3CDB590727B384660047E930 /* Google.swift */,
				3C27E30E27B118FD00609FC7 /* UIActivityView.swift */,
			);
			path = Utils;
			sourceTree = "<group>";
		};
		3C96D5A728366CB9005168D6 /* Atoms */ = {
			isa = PBXGroup;
			children = (
				3C96D5AC283671D8005168D6 /* ToggleView.swift */,
				3C96D5BB2836B9C6005168D6 /* TitleView.swift */,
				3C96D5BE2836BFCF005168D6 /* SensorItemView.swift */,
				3C96D5C028375569005168D6 /* RecordView.swift */,
			);
			path = Atoms;
			sourceTree = "<group>";
		};
		3C96D5AE283673E5005168D6 /* Molecules */ = {
			isa = PBXGroup;
			children = (
				3C96D5AF28367429005168D6 /* SensorRowView.swift */,
			);
			path = Molecules;
			sourceTree = "<group>";
		};
		3C96D5B128367DE8005168D6 /* Organisms */ = {
			isa = PBXGroup;
			children = (
				3C96D5B228367E25005168D6 /* SensorListView.swift */,
			);
			path = Organisms;
			sourceTree = "<group>";
		};
		3C96D5B82836B823005168D6 /* Templates */ = {
			isa = PBXGroup;
			children = (
				3C96D5B92836B858005168D6 /* BackgroundView.swift */,
			);
			path = Templates;
			sourceTree = "<group>";
		};
		3C96D5BD2836BF0A005168D6 /* Pages */ = {
			isa = PBXGroup;
			children = (
				3C235C6927868CAE004D4F87 /* ContentView.swift */,
				3C96D5C22837792A005168D6 /* SensorLogsView.swift */,
			);
			path = Pages;
			sourceTree = "<group>";
		};
		3CF7564E278ADFFB00982136 /* Views */ = {
			isa = PBXGroup;
			children = (
				3C96D5BD2836BF0A005168D6 /* Pages */,
				3C96D5B82836B823005168D6 /* Templates */,
				3C96D5B128367DE8005168D6 /* Organisms */,
				3C96D5AE283673E5005168D6 /* Molecules */,
				3C96D5A728366CB9005168D6 /* Atoms */,
				3CF7565C278AE27A00982136 /* Logs */,
				3C1C050427AF444F00626070 /* Data */,
				3CF75659278AE1B000982136 /* Settings */,
			);
			path = Views;
			sourceTree = "<group>";
		};
		3CF7564F278AE00400982136 /* Model */ = {
			isa = PBXGroup;
			children = (
				3C96D5B62836809A005168D6 /* SensorSettingModel.swift */,
			);
			path = Model;
			sourceTree = "<group>";
		};
		3CF75650278AE01C00982136 /* Resources */ = {
			isa = PBXGroup;
			children = (
				3C235C6B27868CB0004D4F87 /* Assets.xcassets */,
			);
			path = Resources;
			sourceTree = "<group>";
		};
		3CF75659278AE1B000982136 /* Settings */ = {
			isa = PBXGroup;
			children = (
				3CB2E1B027B203AC00FCA0F9 /* NotesView.swift */,
			);
			path = Settings;
			sourceTree = "<group>";
		};
		3CF7565C278AE27A00982136 /* Logs */ = {
			isa = PBXGroup;
			children = (
				3C1C050227AF3CF400626070 /* LogsView.swift */,
			);
			path = Logs;
			sourceTree = "<group>";
		};
		B73A9D752D76C6B7D668BE2C /* Pods */ = {
			isa = PBXGroup;
			children = (
				180F7EF2C8D5F68EAAFABD76 /* Pods-SensorLogs.debug.xcconfig */,
				A1EDB8C1884C49FF727E45E3 /* Pods-SensorLogs.release.xcconfig */,
				9ECAC96D3E2BAAC9B60D4AD7 /* Pods-SensorLogs-SensorLogsUITests.debug.xcconfig */,
				696F943432CC99E7AD74BB32 /* Pods-SensorLogs-SensorLogsUITests.release.xcconfig */,
				7B4D1513277F21AEB68C9081 /* Pods-SensorLogsTests.debug.xcconfig */,
				308428BF1A10D39C83D587D3 /* Pods-SensorLogsTests.release.xcconfig */,
			);
			path = Pods;
			sourceTree = "<group>";
		};
		E66A34B96B4DDDFCEA7B4C38 /* Frameworks */ = {
			isa = PBXGroup;
			children = (
				3CDB590527B383950047E930 /* HealthKit.framework */,
				586E0F3B8A6B7BD80C9CB10B /* Pods_SensorLogs.framework */,
				8FC27D3A6DB07C1AFE3B7368 /* Pods_SensorLogs_SensorLogsUITests.framework */,
				8B3CF15D1EBDFED0E5F49113 /* Pods_SensorLogsTests.framework */,
			);
			name = Frameworks;
			sourceTree = "<group>";
		};
/* End PBXGroup section */

/* Begin PBXNativeTarget section */
		3C235C6327868CAE004D4F87 /* SensorLogs */ = {
			isa = PBXNativeTarget;
			buildConfigurationList = 3C235C8D27868CB0004D4F87 /* Build configuration list for PBXNativeTarget "SensorLogs" */;
			buildPhases = (
				C0A87DA06E9E99A08DA7474D /* [CP] Check Pods Manifest.lock */,
				3C235C6027868CAE004D4F87 /* Sources */,
				3C235C6127868CAE004D4F87 /* Frameworks */,
				3C235C6227868CAE004D4F87 /* Resources */,
				8BC65FC1CB8630259D4E5DAC /* [CP] Embed Pods Frameworks */,
			);
			buildRules = (
			);
			dependencies = (
			);
			name = SensorLogs;
			productName = SensorLogs;
			productReference = 3C235C6427868CAE004D4F87 /* SensorLogs.app */;
			productType = "com.apple.product-type.application";
		};
		3C235C7827868CB0004D4F87 /* SensorLogsTests */ = {
			isa = PBXNativeTarget;
			buildConfigurationList = 3C235C9027868CB0004D4F87 /* Build configuration list for PBXNativeTarget "SensorLogsTests" */;
			buildPhases = (
				DC9D876093BAE7BB880FC459 /* [CP] Check Pods Manifest.lock */,
				3C235C7527868CB0004D4F87 /* Sources */,
				3C235C7627868CB0004D4F87 /* Frameworks */,
				3C235C7727868CB0004D4F87 /* Resources */,
			);
			buildRules = (
			);
			dependencies = (
				3C235C7B27868CB0004D4F87 /* PBXTargetDependency */,
			);
			name = SensorLogsTests;
			productName = SensorLogsTests;
			productReference = 3C235C7927868CB0004D4F87 /* SensorLogsTests.xctest */;
			productType = "com.apple.product-type.bundle.unit-test";
		};
		3C235C8227868CB0004D4F87 /* SensorLogsUITests */ = {
			isa = PBXNativeTarget;
			buildConfigurationList = 3C235C9327868CB0004D4F87 /* Build configuration list for PBXNativeTarget "SensorLogsUITests" */;
			buildPhases = (
				2494DE97D28395F38A9B5479 /* [CP] Check Pods Manifest.lock */,
				3C235C7F27868CB0004D4F87 /* Sources */,
				3C235C8027868CB0004D4F87 /* Frameworks */,
				3C235C8127868CB0004D4F87 /* Resources */,
				A808D6AF42C91C70C5BFEC5F /* [CP] Embed Pods Frameworks */,
			);
			buildRules = (
			);
			dependencies = (
				3C235C8527868CB0004D4F87 /* PBXTargetDependency */,
			);
			name = SensorLogsUITests;
			productName = SensorLogsUITests;
			productReference = 3C235C8327868CB0004D4F87 /* SensorLogsUITests.xctest */;
			productType = "com.apple.product-type.bundle.ui-testing";
		};
/* End PBXNativeTarget section */

/* Begin PBXProject section */
		3C235C5C27868CAE004D4F87 /* Project object */ = {
			isa = PBXProject;
			attributes = {
				BuildIndependentTargetsInParallel = 1;
				LastSwiftUpdateCheck = 1320;
				LastUpgradeCheck = 1320;
				TargetAttributes = {
					3C235C6327868CAE004D4F87 = {
						CreatedOnToolsVersion = 13.2.1;
					};
					3C235C7827868CB0004D4F87 = {
						CreatedOnToolsVersion = 13.2.1;
						TestTargetID = 3C235C6327868CAE004D4F87;
					};
					3C235C8227868CB0004D4F87 = {
						CreatedOnToolsVersion = 13.2.1;
						TestTargetID = 3C235C6327868CAE004D4F87;
					};
				};
			};
			buildConfigurationList = 3C235C5F27868CAE004D4F87 /* Build configuration list for PBXProject "SensorLogs" */;
			compatibilityVersion = "Xcode 13.0";
			developmentRegion = en;
			hasScannedForEncodings = 0;
			knownRegions = (
				en,
				Base,
			);
			mainGroup = 3C235C5B27868CAE004D4F87;
			productRefGroup = 3C235C6527868CAE004D4F87 /* Products */;
			projectDirPath = "";
			projectRoot = "";
			targets = (
				3C235C6327868CAE004D4F87 /* SensorLogs */,
				3C235C7827868CB0004D4F87 /* SensorLogsTests */,
				3C235C8227868CB0004D4F87 /* SensorLogsUITests */,
			);
		};
/* End PBXProject section */

/* Begin PBXResourcesBuildPhase section */
		3C235C6227868CAE004D4F87 /* Resources */ = {
			isa = PBXResourcesBuildPhase;
			buildActionMask = 2147483647;
			files = (
				3C235C6F27868CB0004D4F87 /* Preview Assets.xcassets in Resources */,
				3C235C6C27868CB0004D4F87 /* Assets.xcassets in Resources */,
			);
			runOnlyForDeploymentPostprocessing = 0;
		};
		3C235C7727868CB0004D4F87 /* Resources */ = {
			isa = PBXResourcesBuildPhase;
			buildActionMask = 2147483647;
			files = (
			);
			runOnlyForDeploymentPostprocessing = 0;
		};
		3C235C8127868CB0004D4F87 /* Resources */ = {
			isa = PBXResourcesBuildPhase;
			buildActionMask = 2147483647;
			files = (
			);
			runOnlyForDeploymentPostprocessing = 0;
		};
/* End PBXResourcesBuildPhase section */

/* Begin PBXShellScriptBuildPhase section */
		2494DE97D28395F38A9B5479 /* [CP] Check Pods Manifest.lock */ = {
			isa = PBXShellScriptBuildPhase;
			buildActionMask = 2147483647;
			files = (
			);
			inputFileListPaths = (
			);
			inputPaths = (
				"${PODS_PODFILE_DIR_PATH}/Podfile.lock",
				"${PODS_ROOT}/Manifest.lock",
			);
			name = "[CP] Check Pods Manifest.lock";
			outputFileListPaths = (
			);
			outputPaths = (
				"$(DERIVED_FILE_DIR)/Pods-SensorLogs-SensorLogsUITests-checkManifestLockResult.txt",
			);
			runOnlyForDeploymentPostprocessing = 0;
			shellPath = /bin/sh;
			shellScript = "diff \"${PODS_PODFILE_DIR_PATH}/Podfile.lock\" \"${PODS_ROOT}/Manifest.lock\" > /dev/null\nif [ $? != 0 ] ; then\n    # print error to STDERR\n    echo \"error: The sandbox is not in sync with the Podfile.lock. Run 'pod install' or update your CocoaPods installation.\" >&2\n    exit 1\nfi\n# This output is used by Xcode 'outputs' to avoid re-running this script phase.\necho \"SUCCESS\" > \"${SCRIPT_OUTPUT_FILE_0}\"\n";
			showEnvVarsInLog = 0;
		};
		8BC65FC1CB8630259D4E5DAC /* [CP] Embed Pods Frameworks */ = {
			isa = PBXShellScriptBuildPhase;
			buildActionMask = 2147483647;
			files = (
			);
			inputFileListPaths = (
				"${PODS_ROOT}/Target Support Files/Pods-SensorLogs/Pods-SensorLogs-frameworks-${CONFIGURATION}-input-files.xcfilelist",
			);
			name = "[CP] Embed Pods Frameworks";
			outputFileListPaths = (
				"${PODS_ROOT}/Target Support Files/Pods-SensorLogs/Pods-SensorLogs-frameworks-${CONFIGURATION}-output-files.xcfilelist",
			);
			runOnlyForDeploymentPostprocessing = 0;
			shellPath = /bin/sh;
			shellScript = "\"${PODS_ROOT}/Target Support Files/Pods-SensorLogs/Pods-SensorLogs-frameworks.sh\"\n";
			showEnvVarsInLog = 0;
		};
		A808D6AF42C91C70C5BFEC5F /* [CP] Embed Pods Frameworks */ = {
			isa = PBXShellScriptBuildPhase;
			buildActionMask = 2147483647;
			files = (
			);
			inputFileListPaths = (
				"${PODS_ROOT}/Target Support Files/Pods-SensorLogs-SensorLogsUITests/Pods-SensorLogs-SensorLogsUITests-frameworks-${CONFIGURATION}-input-files.xcfilelist",
			);
			name = "[CP] Embed Pods Frameworks";
			outputFileListPaths = (
				"${PODS_ROOT}/Target Support Files/Pods-SensorLogs-SensorLogsUITests/Pods-SensorLogs-SensorLogsUITests-frameworks-${CONFIGURATION}-output-files.xcfilelist",
			);
			runOnlyForDeploymentPostprocessing = 0;
			shellPath = /bin/sh;
			shellScript = "\"${PODS_ROOT}/Target Support Files/Pods-SensorLogs-SensorLogsUITests/Pods-SensorLogs-SensorLogsUITests-frameworks.sh\"\n";
			showEnvVarsInLog = 0;
		};
		C0A87DA06E9E99A08DA7474D /* [CP] Check Pods Manifest.lock */ = {
			isa = PBXShellScriptBuildPhase;
			buildActionMask = 2147483647;
			files = (
			);
			inputFileListPaths = (
			);
			inputPaths = (
				"${PODS_PODFILE_DIR_PATH}/Podfile.lock",
				"${PODS_ROOT}/Manifest.lock",
			);
			name = "[CP] Check Pods Manifest.lock";
			outputFileListPaths = (
			);
			outputPaths = (
				"$(DERIVED_FILE_DIR)/Pods-SensorLogs-checkManifestLockResult.txt",
			);
			runOnlyForDeploymentPostprocessing = 0;
			shellPath = /bin/sh;
			shellScript = "diff \"${PODS_PODFILE_DIR_PATH}/Podfile.lock\" \"${PODS_ROOT}/Manifest.lock\" > /dev/null\nif [ $? != 0 ] ; then\n    # print error to STDERR\n    echo \"error: The sandbox is not in sync with the Podfile.lock. Run 'pod install' or update your CocoaPods installation.\" >&2\n    exit 1\nfi\n# This output is used by Xcode 'outputs' to avoid re-running this script phase.\necho \"SUCCESS\" > \"${SCRIPT_OUTPUT_FILE_0}\"\n";
			showEnvVarsInLog = 0;
		};
		DC9D876093BAE7BB880FC459 /* [CP] Check Pods Manifest.lock */ = {
			isa = PBXShellScriptBuildPhase;
			buildActionMask = 2147483647;
			files = (
			);
			inputFileListPaths = (
			);
			inputPaths = (
				"${PODS_PODFILE_DIR_PATH}/Podfile.lock",
				"${PODS_ROOT}/Manifest.lock",
			);
			name = "[CP] Check Pods Manifest.lock";
			outputFileListPaths = (
			);
			outputPaths = (
				"$(DERIVED_FILE_DIR)/Pods-SensorLogsTests-checkManifestLockResult.txt",
			);
			runOnlyForDeploymentPostprocessing = 0;
			shellPath = /bin/sh;
			shellScript = "diff \"${PODS_PODFILE_DIR_PATH}/Podfile.lock\" \"${PODS_ROOT}/Manifest.lock\" > /dev/null\nif [ $? != 0 ] ; then\n    # print error to STDERR\n    echo \"error: The sandbox is not in sync with the Podfile.lock. Run 'pod install' or update your CocoaPods installation.\" >&2\n    exit 1\nfi\n# This output is used by Xcode 'outputs' to avoid re-running this script phase.\necho \"SUCCESS\" > \"${SCRIPT_OUTPUT_FILE_0}\"\n";
			showEnvVarsInLog = 0;
		};
/* End PBXShellScriptBuildPhase section */

/* Begin PBXSourcesBuildPhase section */
		3C235C6027868CAE004D4F87 /* Sources */ = {
			isa = PBXSourcesBuildPhase;
			buildActionMask = 2147483647;
			files = (
				3C235C7127868CB0004D4F87 /* Persistence.swift in Sources */,
				3C96D5BF2836BFCF005168D6 /* SensorItemView.swift in Sources */,
				3C27E30F27B118FD00609FC7 /* UIActivityView.swift in Sources */,
				3C96D5C128375569005168D6 /* RecordView.swift in Sources */,
				3CB2E1B127B203AC00FCA0F9 /* NotesView.swift in Sources */,
				3C96D5B028367429005168D6 /* SensorRowView.swift in Sources */,
				3C34C10127B72ECB00B99017 /* FileManager.swift in Sources */,
				3C1C050327AF3CF400626070 /* LogsView.swift in Sources */,
				3C96D5C32837792A005168D6 /* SensorLogsView.swift in Sources */,
				3C1C050827B08DAE00626070 /* ScreenBrightness.swift in Sources */,
				3C1C050127AEB69000626070 /* Barometer.swift in Sources */,
				3C1C050627AF448300626070 /* DataView.swift in Sources */,
				3C235C6A27868CAE004D4F87 /* ContentView.swift in Sources */,
				3C235C7427868CB0004D4F87 /* SensorLogs.xcdatamodeld in Sources */,
				3CDB590827B384660047E930 /* Google.swift in Sources */,
				3C96D5B328367E25005168D6 /* SensorListView.swift in Sources */,
				3C235C6827868CAE004D4F87 /* SensorLogsApp.swift in Sources */,
				3C4A190A27B1055D007A4A37 /* DataMining.swift in Sources */,
				3C96D5AD283671D8005168D6 /* ToggleView.swift in Sources */,
				3C96D5B72836809A005168D6 /* SensorSettingModel.swift in Sources */,
				3C96D5BA2836B858005168D6 /* BackgroundView.swift in Sources */,
				3CB2E1AD27B1FF9600FCA0F9 /* GetDateTime.swift in Sources */,
				3C96D5BC2836B9C6005168D6 /* TitleView.swift in Sources */,
			);
			runOnlyForDeploymentPostprocessing = 0;
		};
		3C235C7527868CB0004D4F87 /* Sources */ = {
			isa = PBXSourcesBuildPhase;
			buildActionMask = 2147483647;
			files = (
				3C235C7E27868CB0004D4F87 /* SensorLogsTests.swift in Sources */,
			);
			runOnlyForDeploymentPostprocessing = 0;
		};
		3C235C7F27868CB0004D4F87 /* Sources */ = {
			isa = PBXSourcesBuildPhase;
			buildActionMask = 2147483647;
			files = (
				3C235C8827868CB0004D4F87 /* SensorLogsUITests.swift in Sources */,
				3C235C8A27868CB0004D4F87 /* SensorLogsUITestsLaunchTests.swift in Sources */,
			);
			runOnlyForDeploymentPostprocessing = 0;
		};
/* End PBXSourcesBuildPhase section */

/* Begin PBXTargetDependency section */
		3C235C7B27868CB0004D4F87 /* PBXTargetDependency */ = {
			isa = PBXTargetDependency;
			target = 3C235C6327868CAE004D4F87 /* SensorLogs */;
			targetProxy = 3C235C7A27868CB0004D4F87 /* PBXContainerItemProxy */;
		};
		3C235C8527868CB0004D4F87 /* PBXTargetDependency */ = {
			isa = PBXTargetDependency;
			target = 3C235C6327868CAE004D4F87 /* SensorLogs */;
			targetProxy = 3C235C8427868CB0004D4F87 /* PBXContainerItemProxy */;
		};
/* End PBXTargetDependency section */

/* Begin XCBuildConfiguration section */
		3C235C8B27868CB0004D4F87 /* Debug */ = {
			isa = XCBuildConfiguration;
			buildSettings = {
				ALWAYS_SEARCH_USER_PATHS = NO;
				CLANG_ANALYZER_NONNULL = YES;
				CLANG_ANALYZER_NUMBER_OBJECT_CONVERSION = YES_AGGRESSIVE;
				CLANG_CXX_LANGUAGE_STANDARD = "gnu++17";
				CLANG_CXX_LIBRARY = "libc++";
				CLANG_ENABLE_MODULES = YES;
				CLANG_ENABLE_OBJC_ARC = YES;
				CLANG_ENABLE_OBJC_WEAK = YES;
				CLANG_WARN_BLOCK_CAPTURE_AUTORELEASING = YES;
				CLANG_WARN_BOOL_CONVERSION = YES;
				CLANG_WARN_COMMA = YES;
				CLANG_WARN_CONSTANT_CONVERSION = YES;
				CLANG_WARN_DEPRECATED_OBJC_IMPLEMENTATIONS = YES;
				CLANG_WARN_DIRECT_OBJC_ISA_USAGE = YES_ERROR;
				CLANG_WARN_DOCUMENTATION_COMMENTS = YES;
				CLANG_WARN_EMPTY_BODY = YES;
				CLANG_WARN_ENUM_CONVERSION = YES;
				CLANG_WARN_INFINITE_RECURSION = YES;
				CLANG_WARN_INT_CONVERSION = YES;
				CLANG_WARN_NON_LITERAL_NULL_CONVERSION = YES;
				CLANG_WARN_OBJC_IMPLICIT_RETAIN_SELF = YES;
				CLANG_WARN_OBJC_LITERAL_CONVERSION = YES;
				CLANG_WARN_OBJC_ROOT_CLASS = YES_ERROR;
				CLANG_WARN_QUOTED_INCLUDE_IN_FRAMEWORK_HEADER = YES;
				CLANG_WARN_RANGE_LOOP_ANALYSIS = YES;
				CLANG_WARN_STRICT_PROTOTYPES = YES;
				CLANG_WARN_SUSPICIOUS_MOVE = YES;
				CLANG_WARN_UNGUARDED_AVAILABILITY = YES_AGGRESSIVE;
				CLANG_WARN_UNREACHABLE_CODE = YES;
				CLANG_WARN__DUPLICATE_METHOD_MATCH = YES;
				COPY_PHASE_STRIP = NO;
				DEBUG_INFORMATION_FORMAT = dwarf;
				ENABLE_STRICT_OBJC_MSGSEND = YES;
				ENABLE_TESTABILITY = YES;
				GCC_C_LANGUAGE_STANDARD = gnu11;
				GCC_DYNAMIC_NO_PIC = NO;
				GCC_NO_COMMON_BLOCKS = YES;
				GCC_OPTIMIZATION_LEVEL = 0;
				GCC_PREPROCESSOR_DEFINITIONS = (
					"DEBUG=1",
					"$(inherited)",
				);
				GCC_WARN_64_TO_32_BIT_CONVERSION = YES;
				GCC_WARN_ABOUT_RETURN_TYPE = YES_ERROR;
				GCC_WARN_UNDECLARED_SELECTOR = YES;
				GCC_WARN_UNINITIALIZED_AUTOS = YES_AGGRESSIVE;
				GCC_WARN_UNUSED_FUNCTION = YES;
				GCC_WARN_UNUSED_VARIABLE = YES;
				IPHONEOS_DEPLOYMENT_TARGET = 15.2;
				MTL_ENABLE_DEBUG_INFO = INCLUDE_SOURCE;
				MTL_FAST_MATH = YES;
				ONLY_ACTIVE_ARCH = YES;
				SDKROOT = iphoneos;
				SWIFT_ACTIVE_COMPILATION_CONDITIONS = DEBUG;
				SWIFT_OPTIMIZATION_LEVEL = "-Onone";
			};
			name = Debug;
		};
		3C235C8C27868CB0004D4F87 /* Release */ = {
			isa = XCBuildConfiguration;
			buildSettings = {
				ALWAYS_SEARCH_USER_PATHS = NO;
				CLANG_ANALYZER_NONNULL = YES;
				CLANG_ANALYZER_NUMBER_OBJECT_CONVERSION = YES_AGGRESSIVE;
				CLANG_CXX_LANGUAGE_STANDARD = "gnu++17";
				CLANG_CXX_LIBRARY = "libc++";
				CLANG_ENABLE_MODULES = YES;
				CLANG_ENABLE_OBJC_ARC = YES;
				CLANG_ENABLE_OBJC_WEAK = YES;
				CLANG_WARN_BLOCK_CAPTURE_AUTORELEASING = YES;
				CLANG_WARN_BOOL_CONVERSION = YES;
				CLANG_WARN_COMMA = YES;
				CLANG_WARN_CONSTANT_CONVERSION = YES;
				CLANG_WARN_DEPRECATED_OBJC_IMPLEMENTATIONS = YES;
				CLANG_WARN_DIRECT_OBJC_ISA_USAGE = YES_ERROR;
				CLANG_WARN_DOCUMENTATION_COMMENTS = YES;
				CLANG_WARN_EMPTY_BODY = YES;
				CLANG_WARN_ENUM_CONVERSION = YES;
				CLANG_WARN_INFINITE_RECURSION = YES;
				CLANG_WARN_INT_CONVERSION = YES;
				CLANG_WARN_NON_LITERAL_NULL_CONVERSION = YES;
				CLANG_WARN_OBJC_IMPLICIT_RETAIN_SELF = YES;
				CLANG_WARN_OBJC_LITERAL_CONVERSION = YES;
				CLANG_WARN_OBJC_ROOT_CLASS = YES_ERROR;
				CLANG_WARN_QUOTED_INCLUDE_IN_FRAMEWORK_HEADER = YES;
				CLANG_WARN_RANGE_LOOP_ANALYSIS = YES;
				CLANG_WARN_STRICT_PROTOTYPES = YES;
				CLANG_WARN_SUSPICIOUS_MOVE = YES;
				CLANG_WARN_UNGUARDED_AVAILABILITY = YES_AGGRESSIVE;
				CLANG_WARN_UNREACHABLE_CODE = YES;
				CLANG_WARN__DUPLICATE_METHOD_MATCH = YES;
				COPY_PHASE_STRIP = NO;
				DEBUG_INFORMATION_FORMAT = "dwarf-with-dsym";
				ENABLE_NS_ASSERTIONS = NO;
				ENABLE_STRICT_OBJC_MSGSEND = YES;
				GCC_C_LANGUAGE_STANDARD = gnu11;
				GCC_NO_COMMON_BLOCKS = YES;
				GCC_WARN_64_TO_32_BIT_CONVERSION = YES;
				GCC_WARN_ABOUT_RETURN_TYPE = YES_ERROR;
				GCC_WARN_UNDECLARED_SELECTOR = YES;
				GCC_WARN_UNINITIALIZED_AUTOS = YES_AGGRESSIVE;
				GCC_WARN_UNUSED_FUNCTION = YES;
				GCC_WARN_UNUSED_VARIABLE = YES;
				IPHONEOS_DEPLOYMENT_TARGET = 15.2;
				MTL_ENABLE_DEBUG_INFO = NO;
				MTL_FAST_MATH = YES;
				SDKROOT = iphoneos;
				SWIFT_COMPILATION_MODE = wholemodule;
				SWIFT_OPTIMIZATION_LEVEL = "-O";
				VALIDATE_PRODUCT = YES;
			};
			name = Release;
		};
		3C235C8E27868CB0004D4F87 /* Debug */ = {
			isa = XCBuildConfiguration;
			baseConfigurationReference = 180F7EF2C8D5F68EAAFABD76 /* Pods-SensorLogs.debug.xcconfig */;
			buildSettings = {
				ASSETCATALOG_COMPILER_APPICON_NAME = AppIcon;
				ASSETCATALOG_COMPILER_GLOBAL_ACCENT_COLOR_NAME = AccentColor;
				CODE_SIGN_ENTITLEMENTS = SensorLogs/SensorLogs.entitlements;
				CODE_SIGN_STYLE = Automatic;
				CURRENT_PROJECT_VERSION = 1;
				DEVELOPMENT_ASSET_PATHS = "\"SensorLogs/Preview Content\"";
				DEVELOPMENT_TEAM = J39U7B46S4;
				ENABLE_PREVIEWS = YES;
				GENERATE_INFOPLIST_FILE = YES;
				INFOPLIST_FILE = SensorLogs/Info.plist;
				INFOPLIST_KEY_NSMotionUsageDescription = "";
				INFOPLIST_KEY_UIApplicationSceneManifest_Generation = YES;
				INFOPLIST_KEY_UIApplicationSupportsIndirectInputEvents = YES;
				INFOPLIST_KEY_UILaunchScreen_Generation = YES;
				INFOPLIST_KEY_UISupportedInterfaceOrientations_iPad = "UIInterfaceOrientationPortrait UIInterfaceOrientationPortraitUpsideDown UIInterfaceOrientationLandscapeLeft UIInterfaceOrientationLandscapeRight";
				INFOPLIST_KEY_UISupportedInterfaceOrientations_iPhone = "UIInterfaceOrientationPortrait UIInterfaceOrientationLandscapeLeft UIInterfaceOrientationLandscapeRight";
				LD_RUNPATH_SEARCH_PATHS = (
					"$(inherited)",
					"@executable_path/Frameworks",
				);
				MARKETING_VERSION = 1.0;
				PRODUCT_BUNDLE_IDENTIFIER = com.tyl.SensorLogs;
				PRODUCT_NAME = "$(TARGET_NAME)";
				SWIFT_EMIT_LOC_STRINGS = YES;
				SWIFT_VERSION = 5.0;
				TARGETED_DEVICE_FAMILY = "1,2";
			};
			name = Debug;
		};
		3C235C8F27868CB0004D4F87 /* Release */ = {
			isa = XCBuildConfiguration;
			baseConfigurationReference = A1EDB8C1884C49FF727E45E3 /* Pods-SensorLogs.release.xcconfig */;
			buildSettings = {
				ASSETCATALOG_COMPILER_APPICON_NAME = AppIcon;
				ASSETCATALOG_COMPILER_GLOBAL_ACCENT_COLOR_NAME = AccentColor;
				CODE_SIGN_ENTITLEMENTS = SensorLogs/SensorLogs.entitlements;
				CODE_SIGN_STYLE = Automatic;
				CURRENT_PROJECT_VERSION = 1;
				DEVELOPMENT_ASSET_PATHS = "\"SensorLogs/Preview Content\"";
				DEVELOPMENT_TEAM = J39U7B46S4;
				ENABLE_PREVIEWS = YES;
				GENERATE_INFOPLIST_FILE = YES;
				INFOPLIST_FILE = SensorLogs/Info.plist;
				INFOPLIST_KEY_NSMotionUsageDescription = "";
				INFOPLIST_KEY_UIApplicationSceneManifest_Generation = YES;
				INFOPLIST_KEY_UIApplicationSupportsIndirectInputEvents = YES;
				INFOPLIST_KEY_UILaunchScreen_Generation = YES;
				INFOPLIST_KEY_UISupportedInterfaceOrientations_iPad = "UIInterfaceOrientationPortrait UIInterfaceOrientationPortraitUpsideDown UIInterfaceOrientationLandscapeLeft UIInterfaceOrientationLandscapeRight";
				INFOPLIST_KEY_UISupportedInterfaceOrientations_iPhone = "UIInterfaceOrientationPortrait UIInterfaceOrientationLandscapeLeft UIInterfaceOrientationLandscapeRight";
				LD_RUNPATH_SEARCH_PATHS = (
					"$(inherited)",
					"@executable_path/Frameworks",
				);
				MARKETING_VERSION = 1.0;
				PRODUCT_BUNDLE_IDENTIFIER = com.tyl.SensorLogs;
				PRODUCT_NAME = "$(TARGET_NAME)";
				SWIFT_EMIT_LOC_STRINGS = YES;
				SWIFT_VERSION = 5.0;
				TARGETED_DEVICE_FAMILY = "1,2";
			};
			name = Release;
		};
		3C235C9127868CB0004D4F87 /* Debug */ = {
			isa = XCBuildConfiguration;
			baseConfigurationReference = 7B4D1513277F21AEB68C9081 /* Pods-SensorLogsTests.debug.xcconfig */;
			buildSettings = {
				ALWAYS_EMBED_SWIFT_STANDARD_LIBRARIES = YES;
				BUNDLE_LOADER = "$(TEST_HOST)";
				CODE_SIGN_STYLE = Automatic;
				CURRENT_PROJECT_VERSION = 1;
				DEVELOPMENT_TEAM = J39U7B46S4;
				GENERATE_INFOPLIST_FILE = YES;
				IPHONEOS_DEPLOYMENT_TARGET = 15.2;
				MARKETING_VERSION = 1.0;
				PRODUCT_BUNDLE_IDENTIFIER = com.tyl.SensorLogsTests;
				PRODUCT_NAME = "$(TARGET_NAME)";
				SWIFT_EMIT_LOC_STRINGS = NO;
				SWIFT_VERSION = 5.0;
				TARGETED_DEVICE_FAMILY = "1,2";
				TEST_HOST = "$(BUILT_PRODUCTS_DIR)/SensorLogs.app/SensorLogs";
			};
			name = Debug;
		};
		3C235C9227868CB0004D4F87 /* Release */ = {
			isa = XCBuildConfiguration;
			baseConfigurationReference = 308428BF1A10D39C83D587D3 /* Pods-SensorLogsTests.release.xcconfig */;
			buildSettings = {
				ALWAYS_EMBED_SWIFT_STANDARD_LIBRARIES = YES;
				BUNDLE_LOADER = "$(TEST_HOST)";
				CODE_SIGN_STYLE = Automatic;
				CURRENT_PROJECT_VERSION = 1;
				DEVELOPMENT_TEAM = J39U7B46S4;
				GENERATE_INFOPLIST_FILE = YES;
				IPHONEOS_DEPLOYMENT_TARGET = 15.2;
				MARKETING_VERSION = 1.0;
				PRODUCT_BUNDLE_IDENTIFIER = com.tyl.SensorLogsTests;
				PRODUCT_NAME = "$(TARGET_NAME)";
				SWIFT_EMIT_LOC_STRINGS = NO;
				SWIFT_VERSION = 5.0;
				TARGETED_DEVICE_FAMILY = "1,2";
				TEST_HOST = "$(BUILT_PRODUCTS_DIR)/SensorLogs.app/SensorLogs";
			};
			name = Release;
		};
		3C235C9427868CB0004D4F87 /* Debug */ = {
			isa = XCBuildConfiguration;
			baseConfigurationReference = 9ECAC96D3E2BAAC9B60D4AD7 /* Pods-SensorLogs-SensorLogsUITests.debug.xcconfig */;
			buildSettings = {
				ALWAYS_EMBED_SWIFT_STANDARD_LIBRARIES = YES;
				CODE_SIGN_STYLE = Automatic;
				CURRENT_PROJECT_VERSION = 1;
				DEVELOPMENT_TEAM = J39U7B46S4;
				GENERATE_INFOPLIST_FILE = YES;
				MARKETING_VERSION = 1.0;
				PRODUCT_BUNDLE_IDENTIFIER = com.tyl.SensorLogsUITests;
				PRODUCT_NAME = "$(TARGET_NAME)";
				SWIFT_EMIT_LOC_STRINGS = NO;
				SWIFT_VERSION = 5.0;
				TARGETED_DEVICE_FAMILY = "1,2";
				TEST_TARGET_NAME = SensorLogs;
			};
			name = Debug;
		};
		3C235C9527868CB0004D4F87 /* Release */ = {
			isa = XCBuildConfiguration;
			baseConfigurationReference = 696F943432CC99E7AD74BB32 /* Pods-SensorLogs-SensorLogsUITests.release.xcconfig */;
			buildSettings = {
				ALWAYS_EMBED_SWIFT_STANDARD_LIBRARIES = YES;
				CODE_SIGN_STYLE = Automatic;
				CURRENT_PROJECT_VERSION = 1;
				DEVELOPMENT_TEAM = J39U7B46S4;
				GENERATE_INFOPLIST_FILE = YES;
				MARKETING_VERSION = 1.0;
				PRODUCT_BUNDLE_IDENTIFIER = com.tyl.SensorLogsUITests;
				PRODUCT_NAME = "$(TARGET_NAME)";
				SWIFT_EMIT_LOC_STRINGS = NO;
				SWIFT_VERSION = 5.0;
				TARGETED_DEVICE_FAMILY = "1,2";
				TEST_TARGET_NAME = SensorLogs;
			};
			name = Release;
		};
/* End XCBuildConfiguration section */

/* Begin XCConfigurationList section */
		3C235C5F27868CAE004D4F87 /* Build configuration list for PBXProject "SensorLogs" */ = {
			isa = XCConfigurationList;
			buildConfigurations = (
				3C235C8B27868CB0004D4F87 /* Debug */,
				3C235C8C27868CB0004D4F87 /* Release */,
			);
			defaultConfigurationIsVisible = 0;
			defaultConfigurationName = Release;
		};
		3C235C8D27868CB0004D4F87 /* Build configuration list for PBXNativeTarget "SensorLogs" */ = {
			isa = XCConfigurationList;
			buildConfigurations = (
				3C235C8E27868CB0004D4F87 /* Debug */,
				3C235C8F27868CB0004D4F87 /* Release */,
			);
			defaultConfigurationIsVisible = 0;
			defaultConfigurationName = Release;
		};
		3C235C9027868CB0004D4F87 /* Build configuration list for PBXNativeTarget "SensorLogsTests" */ = {
			isa = XCConfigurationList;
			buildConfigurations = (
				3C235C9127868CB0004D4F87 /* Debug */,
				3C235C9227868CB0004D4F87 /* Release */,
			);
			defaultConfigurationIsVisible = 0;
			defaultConfigurationName = Release;
		};
		3C235C9327868CB0004D4F87 /* Build configuration list for PBXNativeTarget "SensorLogsUITests" */ = {
			isa = XCConfigurationList;
			buildConfigurations = (
				3C235C9427868CB0004D4F87 /* Debug */,
				3C235C9527868CB0004D4F87 /* Release */,
			);
			defaultConfigurationIsVisible = 0;
			defaultConfigurationName = Release;
		};
/* End XCConfigurationList section */

/* Begin XCVersionGroup section */
		3C235C7227868CB0004D4F87 /* SensorLogs.xcdatamodeld */ = {
			isa = XCVersionGroup;
			children = (
				3C235C7327868CB0004D4F87 /* SensorLogs.xcdatamodel */,
			);
			currentVersion = 3C235C7327868CB0004D4F87 /* SensorLogs.xcdatamodel */;
			path = SensorLogs.xcdatamodeld;
			sourceTree = "<group>";
			versionGroupType = wrapper.xcdatamodel;
		};
/* End XCVersionGroup section */
	};
	rootObject = 3C235C5C27868CAE004D4F87 /* Project object */;
}
